
Microsoft Visual Studio Solution File, Format Version 12.00
# Visual Studio Version 17
VisualStudioVersion = 17.5.002.0
MinimumVisualStudioVersion = 10.0.40219.1
Project("{9A19103F-16F7-4668-BE54-9A1E7A4F7556}") = "GiftOfTheGiversFoundation", "GiftOfTheGiversFoundation.csproj", "{D58892A0-4188-497B-BD1F-132CEE743413}"
EndProject
Global
	GlobalSection(SolutionConfigurationPlatforms) = preSolution
		Debug|Any CPU = Debug|Any CPU
		Release|Any CPU = Release|Any CPU
	EndGlobalSection
	GlobalSection(ProjectConfigurationPlatforms) = postSolution
		{D58892A0-4188-497B-BD1F-132CEE743413}.Debug|Any CPU.ActiveCfg = Debug|Any CPU
		{D58892A0-4188-497B-BD1F-132CEE743413}.Debug|Any CPU.Build.0 = Debug|Any CPU
		{D58892A0-4188-497B-BD1F-132CEE743413}.Release|Any CPU.ActiveCfg = Release|Any CPU
		{D58892A0-4188-497B-BD1F-132CEE743413}.Release|Any CPU.Build.0 = Release|Any CPU
	EndGlobalSection
	GlobalSection(SolutionProperties) = preSolution
		HideSolutionNode = FALSE
	EndGlobalSection
	GlobalSection(ExtensibilityGlobals) = postSolution
		SolutionGuid = {507DDA7B-878A-4DFD-B5DA-C67B293FCBE7}
	EndGlobalSection
EndGlobal
